
Microsoft Visual Studio Solution File, Format Version 12.00
# Visual Studio Version 17
VisualStudioVersion = 17.6.33829.357
MinimumVisualStudioVersion = 10.0.40219.1
Project("{9A19103F-16F7-4668-BE54-9A1E7A4F7556}") = "SnowBreakLauncher", "SnowBreakLauncher.csproj", "{2E479288-38E1-458D-8790-7701BD242A3B}"
EndProject
Project("{9A19103F-16F7-4668-BE54-9A1E7A4F7556}") = "SharpHDiffPatch.Core", "..\dependencies\SharpHDiffPatch-Dotnet\SharpHDiffPatch.Core\SharpHDiffPatch.Core.csproj", "{246E5DC3-F0F1-405C-8884-B72CAD64EC5C}"
EndProject
Global
	GlobalSection(SolutionConfigurationPlatforms) = preSolution
		Debug|Any CPU = Debug|Any CPU
		Debug|ARM64 = Debug|ARM64
		Debug|x64 = Debug|x64
		Debug|x86 = Debug|x86
		Release|Any CPU = Release|Any CPU
		Release|ARM64 = Release|ARM64
		Release|x64 = Release|x64
		Release|x86 = Release|x86
	EndGlobalSection
	GlobalSection(ProjectConfigurationPlatforms) = postSolution
		{2E479288-38E1-458D-8790-7701BD242A3B}.Debug|Any CPU.ActiveCfg = Debug|Any CPU
		{2E479288-38E1-458D-8790-7701BD242A3B}.Debug|Any CPU.Build.0 = Debug|Any CPU
		{2E479288-38E1-458D-8790-7701BD242A3B}.Debug|ARM64.ActiveCfg = Debug|Any CPU
		{2E479288-38E1-458D-8790-7701BD242A3B}.Debug|ARM64.Build.0 = Debug|Any CPU
		{2E479288-38E1-458D-8790-7701BD242A3B}.Debug|x64.ActiveCfg = Debug|Any CPU
		{2E479288-38E1-458D-8790-7701BD242A3B}.Debug|x64.Build.0 = Debug|Any CPU
		{2E479288-38E1-458D-8790-7701BD242A3B}.Debug|x86.ActiveCfg = Debug|Any CPU
		{2E479288-38E1-458D-8790-7701BD242A3B}.Debug|x86.Build.0 = Debug|Any CPU
		{2E479288-38E1-458D-8790-7701BD242A3B}.Release|Any CPU.ActiveCfg = Release|Any CPU
		{2E479288-38E1-458D-8790-7701BD242A3B}.Release|Any CPU.Build.0 = Release|Any CPU
		{2E479288-38E1-458D-8790-7701BD242A3B}.Release|ARM64.ActiveCfg = Release|Any CPU
		{2E479288-38E1-458D-8790-7701BD242A3B}.Release|ARM64.Build.0 = Release|Any CPU
		{2E479288-38E1-458D-8790-7701BD242A3B}.Release|x64.ActiveCfg = Release|Any CPU
		{2E479288-38E1-458D-8790-7701BD242A3B}.Release|x64.Build.0 = Release|Any CPU
		{2E479288-38E1-458D-8790-7701BD242A3B}.Release|x86.ActiveCfg = Release|Any CPU
		{2E479288-38E1-458D-8790-7701BD242A3B}.Release|x86.Build.0 = Release|Any CPU
		{246E5DC3-F0F1-405C-8884-B72CAD64EC5C}.Debug|Any CPU.ActiveCfg = Debug|Any CPU
		{246E5DC3-F0F1-405C-8884-B72CAD64EC5C}.Debug|Any CPU.Build.0 = Debug|Any CPU
		{246E5DC3-F0F1-405C-8884-B72CAD64EC5C}.Debug|ARM64.ActiveCfg = Debug|ARM64
		{246E5DC3-F0F1-405C-8884-B72CAD64EC5C}.Debug|ARM64.Build.0 = Debug|ARM64
		{246E5DC3-F0F1-405C-8884-B72CAD64EC5C}.Debug|x64.ActiveCfg = Debug|x64
		{246E5DC3-F0F1-405C-8884-B72CAD64EC5C}.Debug|x64.Build.0 = Debug|x64
		{246E5DC3-F0F1-405C-8884-B72CAD64EC5C}.Debug|x86.ActiveCfg = Debug|x86
		{246E5DC3-F0F1-405C-8884-B72CAD64EC5C}.Debug|x86.Build.0 = Debug|x86
		{246E5DC3-F0F1-405C-8884-B72CAD64EC5C}.Release|Any CPU.ActiveCfg = Release|Any CPU
		{246E5DC3-F0F1-405C-8884-B72CAD64EC5C}.Release|Any CPU.Build.0 = Release|Any CPU
		{246E5DC3-F0F1-405C-8884-B72CAD64EC5C}.Release|ARM64.ActiveCfg = Release|ARM64
		{246E5DC3-F0F1-405C-8884-B72CAD64EC5C}.Release|ARM64.Build.0 = Release|ARM64
		{246E5DC3-F0F1-405C-8884-B72CAD64EC5C}.Release|x64.ActiveCfg = Release|x64
		{246E5DC3-F0F1-405C-8884-B72CAD64EC5C}.Release|x64.Build.0 = Release|x64
		{246E5DC3-F0F1-405C-8884-B72CAD64EC5C}.Release|x86.ActiveCfg = Release|x86
		{246E5DC3-F0F1-405C-8884-B72CAD64EC5C}.Release|x86.Build.0 = Release|x86
	EndGlobalSection
	GlobalSection(SolutionProperties) = preSolution
		HideSolutionNode = FALSE
	EndGlobalSection
	GlobalSection(ExtensibilityGlobals) = postSolution
		SolutionGuid = {B70E22DD-8B4A-41CC-92A1-C26521F6A9B5}
	EndGlobalSection
EndGlobal
